{
  "name": "toolpages",
  "version": "0.1.0",
  "lockfileVersion": 3,
  "requires": true,
  "packages": {
    "": {
      "name": "toolpages",
      "version": "0.1.0",
      "hasInstallScript": true,
      "dependencies": {
        "@iconify-json/line-md": "^1.2.11",
        "@iconify/iconify": "^3.1.1",
        "@material-design-icons/font": "^0.14.15",
        "bootstrap": "^5.3.3",
        "material-symbols": "^0.40.0"
      }
    },
    "node_modules/@iconify-json/line-md": {
      "version": "1.2.11",
      "resolved": "https://registry.npmjs.org/@iconify-json/line-md/-/line-md-1.2.11.tgz",
      "integrity": "sha512-JYczKuKvTq/Pf9rSCoxwdBbAiWqceNrb3EtM3acD4YkzCAdp3co+CdNE/pb5lTURGbIA9GrGuqentHqVwXyVWA==",
      "license": "MIT",
      "dependencies": {
        "@iconify/types": "*"
      }
    },
    "node_modules/@iconify/iconify": {
      "version": "3.1.1",
      "resolved": "https://registry.npmjs.org/@iconify/iconify/-/iconify-3.1.1.tgz",
      "integrity": "sha512-1nemfyD/OJzh9ALepH7YfuuP8BdEB24Skhd8DXWh0hzcOxImbb1ZizSZkpCzAwSZSGcJFmscIBaBQu+yLyWaxQ==",
      "deprecated": "no longer maintained, switch to modern iconify-icon web component",
      "license": "MIT",
      "dependencies": {
        "@iconify/types": "^2.0.0"
      },
      "funding": {
        "url": "https://github.com/sponsors/cyberalien"
      }
    },
    "node_modules/@iconify/types": {
      "version": "2.0.0",
      "resolved": "https://registry.npmjs.org/@iconify/types/-/types-2.0.0.tgz",
      "integrity": "sha512-+wluvCrRhXrhyOmRDJ3q8mux9JkKy5SJ/v8ol2tu4FVjyYvtEzkc/3pK15ET6RKg4b4w4BmTk1+gsCUhf21Ykg==",
      "license": "MIT"
    },
    "node_modules/@material-design-icons/font": {
      "version": "0.14.15",
      "resolved": "https://registry.npmjs.org/@material-design-icons/font/-/font-0.14.15.tgz",
      "integrity": "sha512-h4YFZnYxNuciEKR0jAOekaQmIg2UGUSxbnoyzo4OdE42gy9QB3UnrjLcASiDy9ra8fqrcHy+NqxTHx7F86BH0A==",
      "license": "Apache-2.0"
    },
    "node_modules/@popperjs/core": {
      "version": "2.11.8",
      "resolved": "https://registry.npmjs.org/@popperjs/core/-/core-2.11.8.tgz",
      "integrity": "sha512-P1st0aksCrn9sGZhp8GMYwBnQsbvAWsZAX44oXNNvLHGqAOcoVxmjZiohstwQ7SqKnbR47akdNi+uleWD8+g6A==",
      "license": "MIT",
      "peer": true,
      "funding": {
        "type": "opencollective",
        "url": "https://opencollective.com/popperjs"
      }
    },
    "node_modules/bootstrap": {
      "version": "5.3.8",
      "resolved": "https://registry.npmjs.org/bootstrap/-/bootstrap-5.3.8.tgz",
      "integrity": "sha512-HP1SZDqaLDPwsNiqRqi5NcP0SSXciX2s9E+RyqJIIqGo+vJeN5AJVM98CXmW/Wux0nQ5L7jeWUdplCEf0Ee+tg==",
      "funding": [
        {
          "type": "github",
          "url": "https://github.com/sponsors/twbs"
        },
        {
          "type": "opencollective",
          "url": "https://opencollective.com/bootstrap"
        }
      ],
      "license": "MIT",
      "peerDependencies": {
        "@popperjs/core": "^2.11.8"
      }
    },
    "node_modules/material-symbols": {
      "version": "0.40.0",
      "resolved": "https://registry.npmjs.org/material-symbols/-/material-symbols-0.40.0.tgz",
      "integrity": "sha512-sz2x2x2Ealg33LB//d6dnkgsUQsdTz7a2D2Af7rH0vxFtZWDceE50iCT9L6gClTEl7YJXkAt6LFA6SN6//hFzQ==",
      "license": "Apache-2.0"
    }
  }
}
